
Microsoft Visual Studio Solution File, Format Version 12.00
# Visual Studio Version 16
VisualStudioVersion = 16.0.29306.81
MinimumVisualStudioVersion = 10.0.40219.1
Project("{FAE04EC0-301F-11D3-BF4B-00C04F79EFBC}") = "urunler_sinifi", "urunler_sinifi\urunler_sinifi.csproj", "{EB678357-09CC-4AA9-B548-F24294D91E02}"
EndProject
Global
	GlobalSection(SolutionConfigurationPlatforms) = preSolution
		Debug|Any CPU = Debug|Any CPU
		Release|Any CPU = Release|Any CPU
	EndGlobalSection
	GlobalSection(ProjectConfigurationPlatforms) = postSolution
		{EB678357-09CC-4AA9-B548-F24294D91E02}.Debug|Any CPU.ActiveCfg = Debug|Any CPU
		{EB678357-09CC-4AA9-B548-F24294D91E02}.Debug|Any CPU.Build.0 = Debug|Any CPU
		{EB678357-09CC-4AA9-B548-F24294D91E02}.Release|Any CPU.ActiveCfg = Release|Any CPU
		{EB678357-09CC-4AA9-B548-F24294D91E02}.Release|Any CPU.Build.0 = Release|Any CPU
	EndGlobalSection
	GlobalSection(SolutionProperties) = preSolution
		HideSolutionNode = FALSE
	EndGlobalSection
	GlobalSection(ExtensibilityGlobals) = postSolution
		SolutionGuid = {E20C1BFB-EF7B-4471-BD08-ED35CD9FD3B6}
	EndGlobalSection
EndGlobal
