
Microsoft Visual Studio Solution File, Format Version 12.00
# Visual Studio Version 16
VisualStudioVersion = 16.0.29306.81
MinimumVisualStudioVersion = 10.0.40219.1
Project("{FAE04EC0-301F-11D3-BF4B-00C04F79EFBC}") = "sealed_class", "sealed_class\sealed_class.csproj", "{6825A1D7-19D0-4741-8445-A3E2A7571B52}"
EndProject
Global
	GlobalSection(SolutionConfigurationPlatforms) = preSolution
		Debug|Any CPU = Debug|Any CPU
		Release|Any CPU = Release|Any CPU
	EndGlobalSection
	GlobalSection(ProjectConfigurationPlatforms) = postSolution
		{6825A1D7-19D0-4741-8445-A3E2A7571B52}.Debug|Any CPU.ActiveCfg = Debug|Any CPU
		{6825A1D7-19D0-4741-8445-A3E2A7571B52}.Debug|Any CPU.Build.0 = Debug|Any CPU
		{6825A1D7-19D0-4741-8445-A3E2A7571B52}.Release|Any CPU.ActiveCfg = Release|Any CPU
		{6825A1D7-19D0-4741-8445-A3E2A7571B52}.Release|Any CPU.Build.0 = Release|Any CPU
	EndGlobalSection
	GlobalSection(SolutionProperties) = preSolution
		HideSolutionNode = FALSE
	EndGlobalSection
	GlobalSection(ExtensibilityGlobals) = postSolution
		SolutionGuid = {7F04A7A6-645C-4A23-B41D-A607650228F5}
	EndGlobalSection
EndGlobal
