
Microsoft Visual Studio Solution File, Format Version 12.00
# Visual Studio Version 16
VisualStudioVersion = 16.0.29306.81
MinimumVisualStudioVersion = 10.0.40219.1
Project("{FAE04EC0-301F-11D3-BF4B-00C04F79EFBC}") = "urunler_1809", "urunler_1809\urunler_1809.csproj", "{000EEA5E-E09B-42A0-8DDB-64798F601AB8}"
EndProject
Global
	GlobalSection(SolutionConfigurationPlatforms) = preSolution
		Debug|Any CPU = Debug|Any CPU
		Release|Any CPU = Release|Any CPU
	EndGlobalSection
	GlobalSection(ProjectConfigurationPlatforms) = postSolution
		{000EEA5E-E09B-42A0-8DDB-64798F601AB8}.Debug|Any CPU.ActiveCfg = Debug|Any CPU
		{000EEA5E-E09B-42A0-8DDB-64798F601AB8}.Debug|Any CPU.Build.0 = Debug|Any CPU
		{000EEA5E-E09B-42A0-8DDB-64798F601AB8}.Release|Any CPU.ActiveCfg = Release|Any CPU
		{000EEA5E-E09B-42A0-8DDB-64798F601AB8}.Release|Any CPU.Build.0 = Release|Any CPU
	EndGlobalSection
	GlobalSection(SolutionProperties) = preSolution
		HideSolutionNode = FALSE
	EndGlobalSection
	GlobalSection(ExtensibilityGlobals) = postSolution
		SolutionGuid = {4CAA83E1-B221-4806-BA11-03AFBDA62BDB}
	EndGlobalSection
EndGlobal
