
Microsoft Visual Studio Solution File, Format Version 12.00
# Visual Studio Version 16
VisualStudioVersion = 16.0.29306.81
MinimumVisualStudioVersion = 10.0.40219.1
Project("{FAE04EC0-301F-11D3-BF4B-00C04F79EFBC}") = "11.09_Odev2", "11.09_Odev2\11.09_Odev2.csproj", "{59F9DD69-23FA-456C-8834-AE722E4C31E4}"
EndProject
Global
	GlobalSection(SolutionConfigurationPlatforms) = preSolution
		Debug|Any CPU = Debug|Any CPU
		Release|Any CPU = Release|Any CPU
	EndGlobalSection
	GlobalSection(ProjectConfigurationPlatforms) = postSolution
		{59F9DD69-23FA-456C-8834-AE722E4C31E4}.Debug|Any CPU.ActiveCfg = Debug|Any CPU
		{59F9DD69-23FA-456C-8834-AE722E4C31E4}.Debug|Any CPU.Build.0 = Debug|Any CPU
		{59F9DD69-23FA-456C-8834-AE722E4C31E4}.Release|Any CPU.ActiveCfg = Release|Any CPU
		{59F9DD69-23FA-456C-8834-AE722E4C31E4}.Release|Any CPU.Build.0 = Release|Any CPU
	EndGlobalSection
	GlobalSection(SolutionProperties) = preSolution
		HideSolutionNode = FALSE
	EndGlobalSection
	GlobalSection(ExtensibilityGlobals) = postSolution
		SolutionGuid = {17047784-E5D4-4FE3-9470-60C5A1D29D6B}
	EndGlobalSection
EndGlobal
